// !$*UTF8*$!
{
	archiveVersion = 1;
	classes = {
	};
	objectVersion = 55;
	objects = {

/* Begin PBXBuildFile section */
		B418C1BB271375C0002DC95B /* AppDelegate.swift in Sources */ = {isa = PBXBuildFile; fileRef = B418C1BA271375C0002DC95B /* AppDelegate.swift */; };
		B418C1BD271375C0002DC95B /* SceneDelegate.swift in Sources */ = {isa = PBXBuildFile; fileRef = B418C1BC271375C0002DC95B /* SceneDelegate.swift */; };
		B418C1BF271375C0002DC95B /* ViewController.swift in Sources */ = {isa = PBXBuildFile; fileRef = B418C1BE271375C0002DC95B /* ViewController.swift */; };
		B418C1C4271375C1002DC95B /* Assets.xcassets in Resources */ = {isa = PBXBuildFile; fileRef = B418C1C3271375C1002DC95B /* Assets.xcassets */; };
		B418C1C7271375C1002DC95B /* LaunchScreen.storyboard in Resources */ = {isa = PBXBuildFile; fileRef = B418C1C5271375C1002DC95B /* LaunchScreen.storyboard */; };
		B418C1D2271375C1002DC95B /* iOS_Week_3Tests.swift in Sources */ = {isa = PBXBuildFile; fileRef = B418C1D1271375C1002DC95B /* iOS_Week_3Tests.swift */; };
		B418C1DC271375C1002DC95B /* iOS_Week_3UITests.swift in Sources */ = {isa = PBXBuildFile; fileRef = B418C1DB271375C1002DC95B /* iOS_Week_3UITests.swift */; };
		B418C1DE271375C1002DC95B /* iOS_Week_3UITestsLaunchTests.swift in Sources */ = {isa = PBXBuildFile; fileRef = B418C1DD271375C1002DC95B /* iOS_Week_3UITestsLaunchTests.swift */; };
		B418C1F827137E64002DC95B /* MainViewController.swift in Sources */ = {isa = PBXBuildFile; fileRef = B418C1F727137E64002DC95B /* MainViewController.swift */; };
		B418C1FA27137E83002DC95B /* MainViewModel.swift in Sources */ = {isa = PBXBuildFile; fileRef = B418C1F927137E83002DC95B /* MainViewModel.swift */; };
		B418C1FC27137E8E002DC95B /* MainViewBuilder.swift in Sources */ = {isa = PBXBuildFile; fileRef = B418C1FB27137E8E002DC95B /* MainViewBuilder.swift */; };
		B418C20227137EB1002DC95B /* GenericValueProtocol.swift in Sources */ = {isa = PBXBuildFile; fileRef = B418C1FE27137EB1002DC95B /* GenericValueProtocol.swift */; };
		B418C20327137EB1002DC95B /* BaseViewController.swift in Sources */ = {isa = PBXBuildFile; fileRef = B418C1FF27137EB1002DC95B /* BaseViewController.swift */; };
		B418C20427137EB1002DC95B /* GenericBaseView.swift in Sources */ = {isa = PBXBuildFile; fileRef = B418C20027137EB1002DC95B /* GenericBaseView.swift */; };
		B418C20527137EB1002DC95B /* BaseView.swift in Sources */ = {isa = PBXBuildFile; fileRef = B418C20127137EB1002DC95B /* BaseView.swift */; };
/* End PBXBuildFile section */

/* Begin PBXContainerItemProxy section */
		B418C1CE271375C1002DC95B /* PBXContainerItemProxy */ = {
			isa = PBXContainerItemProxy;
			containerPortal = B418C1AF271375C0002DC95B /* Project object */;
			proxyType = 1;
			remoteGlobalIDString = B418C1B6271375C0002DC95B;
			remoteInfo = iOS_Week_3;
		};
		B418C1D8271375C1002DC95B /* PBXContainerItemProxy */ = {
			isa = PBXContainerItemProxy;
			containerPortal = B418C1AF271375C0002DC95B /* Project object */;
			proxyType = 1;
			remoteGlobalIDString = B418C1B6271375C0002DC95B;
			remoteInfo = iOS_Week_3;
		};
/* End PBXContainerItemProxy section */

/* Begin PBXFileReference section */
		B418C1B7271375C0002DC95B /* iOS_Week_3.app */ = {isa = PBXFileReference; explicitFileType = wrapper.application; includeInIndex = 0; path = iOS_Week_3.app; sourceTree = BUILT_PRODUCTS_DIR; };
		B418C1BA271375C0002DC95B /* AppDelegate.swift */ = {isa = PBXFileReference; lastKnownFileType = sourcecode.swift; path = AppDelegate.swift; sourceTree = "<group>"; };
		B418C1BC271375C0002DC95B /* SceneDelegate.swift */ = {isa = PBXFileReference; lastKnownFileType = sourcecode.swift; path = SceneDelegate.swift; sourceTree = "<group>"; };
		B418C1BE271375C0002DC95B /* ViewController.swift */ = {isa = PBXFileReference; lastKnownFileType = sourcecode.swift; path = ViewController.swift; sourceTree = "<group>"; };
		B418C1C3271375C1002DC95B /* Assets.xcassets */ = {isa = PBXFileReference; lastKnownFileType = folder.assetcatalog; path = Assets.xcassets; sourceTree = "<group>"; };
		B418C1C6271375C1002DC95B /* Base */ = {isa = PBXFileReference; lastKnownFileType = file.storyboard; name = Base; path = Base.lproj/LaunchScreen.storyboard; sourceTree = "<group>"; };
		B418C1C8271375C1002DC95B /* Info.plist */ = {isa = PBXFileReference; lastKnownFileType = text.plist.xml; path = Info.plist; sourceTree = "<group>"; };
		B418C1CD271375C1002DC95B /* iOS_Week_3Tests.xctest */ = {isa = PBXFileReference; explicitFileType = wrapper.cfbundle; includeInIndex = 0; path = iOS_Week_3Tests.xctest; sourceTree = BUILT_PRODUCTS_DIR; };
		B418C1D1271375C1002DC95B /* iOS_Week_3Tests.swift */ = {isa = PBXFileReference; lastKnownFileType = sourcecode.swift; path = iOS_Week_3Tests.swift; sourceTree = "<group>"; };
		B418C1D7271375C1002DC95B /* iOS_Week_3UITests.xctest */ = {isa = PBXFileReference; explicitFileType = wrapper.cfbundle; includeInIndex = 0; path = iOS_Week_3UITests.xctest; sourceTree = BUILT_PRODUCTS_DIR; };
		B418C1DB271375C1002DC95B /* iOS_Week_3UITests.swift */ = {isa = PBXFileReference; lastKnownFileType = sourcecode.swift; path = iOS_Week_3UITests.swift; sourceTree = "<group>"; };
		B418C1DD271375C1002DC95B /* iOS_Week_3UITestsLaunchTests.swift */ = {isa = PBXFileReference; lastKnownFileType = sourcecode.swift; path = iOS_Week_3UITestsLaunchTests.swift; sourceTree = "<group>"; };
		B418C1F727137E64002DC95B /* MainViewController.swift */ = {isa = PBXFileReference; lastKnownFileType = sourcecode.swift; path = MainViewController.swift; sourceTree = "<group>"; };
		B418C1F927137E83002DC95B /* MainViewModel.swift */ = {isa = PBXFileReference; lastKnownFileType = sourcecode.swift; path = MainViewModel.swift; sourceTree = "<group>"; };
		B418C1FB27137E8E002DC95B /* MainViewBuilder.swift */ = {isa = PBXFileReference; lastKnownFileType = sourcecode.swift; path = MainViewBuilder.swift; sourceTree = "<group>"; };
		B418C1FE27137EB1002DC95B /* GenericValueProtocol.swift */ = {isa = PBXFileReference; fileEncoding = 4; lastKnownFileType = sourcecode.swift; path = GenericValueProtocol.swift; sourceTree = "<group>"; };
		B418C1FF27137EB1002DC95B /* BaseViewController.swift */ = {isa = PBXFileReference; fileEncoding = 4; lastKnownFileType = sourcecode.swift; path = BaseViewController.swift; sourceTree = "<group>"; };
		B418C20027137EB1002DC95B /* GenericBaseView.swift */ = {isa = PBXFileReference; fileEncoding = 4; lastKnownFileType = sourcecode.swift; path = GenericBaseView.swift; sourceTree = "<group>"; };
		B418C20127137EB1002DC95B /* BaseView.swift */ = {isa = PBXFileReference; fileEncoding = 4; lastKnownFileType = sourcecode.swift; path = BaseView.swift; sourceTree = "<group>"; };
/* End PBXFileReference section */

/* Begin PBXFrameworksBuildPhase section */
		B418C1B4271375C0002DC95B /* Frameworks */ = {
			isa = PBXFrameworksBuildPhase;
			buildActionMask = 2147483647;
			files = (
			);
			runOnlyForDeploymentPostprocessing = 0;
		};
		B418C1CA271375C1002DC95B /* Frameworks */ = {
			isa = PBXFrameworksBuildPhase;
			buildActionMask = 2147483647;
			files = (
			);
			runOnlyForDeploymentPostprocessing = 0;
		};
		B418C1D4271375C1002DC95B /* Frameworks */ = {
			isa = PBXFrameworksBuildPhase;
			buildActionMask = 2147483647;
			files = (
			);
			runOnlyForDeploymentPostprocessing = 0;
		};
/* End PBXFrameworksBuildPhase section */

/* Begin PBXGroup section */
		B418C1AE271375C0002DC95B = {
			isa = PBXGroup;
			children = (
				B418C1B9271375C0002DC95B /* iOS_Week_3 */,
				B418C1D0271375C1002DC95B /* iOS_Week_3Tests */,
				B418C1DA271375C1002DC95B /* iOS_Week_3UITests */,
				B418C1B8271375C0002DC95B /* Products */,
			);
			sourceTree = "<group>";
		};
		B418C1B8271375C0002DC95B /* Products */ = {
			isa = PBXGroup;
			children = (
				B418C1B7271375C0002DC95B /* iOS_Week_3.app */,
				B418C1CD271375C1002DC95B /* iOS_Week_3Tests.xctest */,
				B418C1D7271375C1002DC95B /* iOS_Week_3UITests.xctest */,
			);
			name = Products;
			sourceTree = "<group>";
		};
		B418C1B9271375C0002DC95B /* iOS_Week_3 */ = {
			isa = PBXGroup;
			children = (
				B418C1ED27137CDD002DC95B /* SceneModules */,
				B418C1BA271375C0002DC95B /* AppDelegate.swift */,
				B418C1BC271375C0002DC95B /* SceneDelegate.swift */,
				B418C1BE271375C0002DC95B /* ViewController.swift */,
				B418C1C3271375C1002DC95B /* Assets.xcassets */,
				B418C1C5271375C1002DC95B /* LaunchScreen.storyboard */,
				B418C1C8271375C1002DC95B /* Info.plist */,
			);
			path = iOS_Week_3;
			sourceTree = "<group>";
		};
		B418C1D0271375C1002DC95B /* iOS_Week_3Tests */ = {
			isa = PBXGroup;
			children = (
				B418C1D1271375C1002DC95B /* iOS_Week_3Tests.swift */,
			);
			path = iOS_Week_3Tests;
			sourceTree = "<group>";
		};
		B418C1DA271375C1002DC95B /* iOS_Week_3UITests */ = {
			isa = PBXGroup;
			children = (
				B418C1DB271375C1002DC95B /* iOS_Week_3UITests.swift */,
				B418C1DD271375C1002DC95B /* iOS_Week_3UITestsLaunchTests.swift */,
			);
			path = iOS_Week_3UITests;
			sourceTree = "<group>";
		};
		B418C1ED27137CDD002DC95B /* SceneModules */ = {
			isa = PBXGroup;
			children = (
				B418C1EE27137CFB002DC95B /* Main */,
				B418C1FD27137EB1002DC95B /* BaseComponents */,
			);
			path = SceneModules;
			sourceTree = "<group>";
		};
		B418C1EE27137CFB002DC95B /* Main */ = {
			isa = PBXGroup;
			children = (
				B418C1F727137E64002DC95B /* MainViewController.swift */,
				B418C1F927137E83002DC95B /* MainViewModel.swift */,
				B418C1FB27137E8E002DC95B /* MainViewBuilder.swift */,
			);
			path = Main;
			sourceTree = "<group>";
		};
		B418C1FD27137EB1002DC95B /* BaseComponents */ = {
			isa = PBXGroup;
			children = (
				B418C1FE27137EB1002DC95B /* GenericValueProtocol.swift */,
				B418C1FF27137EB1002DC95B /* BaseViewController.swift */,
				B418C20027137EB1002DC95B /* GenericBaseView.swift */,
				B418C20127137EB1002DC95B /* BaseView.swift */,
			);
			path = BaseComponents;
			sourceTree = "<group>";
		};
/* End PBXGroup section */

/* Begin PBXNativeTarget section */
		B418C1B6271375C0002DC95B /* iOS_Week_3 */ = {
			isa = PBXNativeTarget;
			buildConfigurationList = B418C1E1271375C1002DC95B /* Build configuration list for PBXNativeTarget "iOS_Week_3" */;
			buildPhases = (
				B418C1B3271375C0002DC95B /* Sources */,
				B418C1B4271375C0002DC95B /* Frameworks */,
				B418C1B5271375C0002DC95B /* Resources */,
			);
			buildRules = (
			);
			dependencies = (
			);
			name = iOS_Week_3;
			productName = iOS_Week_3;
			productReference = B418C1B7271375C0002DC95B /* iOS_Week_3.app */;
			productType = "com.apple.product-type.application";
		};
		B418C1CC271375C1002DC95B /* iOS_Week_3Tests */ = {
			isa = PBXNativeTarget;
			buildConfigurationList = B418C1E4271375C1002DC95B /* Build configuration list for PBXNativeTarget "iOS_Week_3Tests" */;
			buildPhases = (
				B418C1C9271375C1002DC95B /* Sources */,
				B418C1CA271375C1002DC95B /* Frameworks */,
				B418C1CB271375C1002DC95B /* Resources */,
			);
			buildRules = (
			);
			dependencies = (
				B418C1CF271375C1002DC95B /* PBXTargetDependency */,
			);
			name = iOS_Week_3Tests;
			productName = iOS_Week_3Tests;
			productReference = B418C1CD271375C1002DC95B /* iOS_Week_3Tests.xctest */;
			productType = "com.apple.product-type.bundle.unit-test";
		};
		B418C1D6271375C1002DC95B /* iOS_Week_3UITests */ = {
			isa = PBXNativeTarget;
			buildConfigurationList = B418C1E7271375C1002DC95B /* Build configuration list for PBXNativeTarget "iOS_Week_3UITests" */;
			buildPhases = (
				B418C1D3271375C1002DC95B /* Sources */,
				B418C1D4271375C1002DC95B /* Frameworks */,
				B418C1D5271375C1002DC95B /* Resources */,
			);
			buildRules = (
			);
			dependencies = (
				B418C1D9271375C1002DC95B /* PBXTargetDependency */,
			);
			name = iOS_Week_3UITests;
			productName = iOS_Week_3UITests;
			productReference = B418C1D7271375C1002DC95B /* iOS_Week_3UITests.xctest */;
			productType = "com.apple.product-type.bundle.ui-testing";
		};
/* End PBXNativeTarget section */

/* Begin PBXProject section */
		B418C1AF271375C0002DC95B /* Project object */ = {
			isa = PBXProject;
			attributes = {
				BuildIndependentTargetsInParallel = 1;
				LastSwiftUpdateCheck = 1300;
				LastUpgradeCheck = 1300;
				TargetAttributes = {
					B418C1B6271375C0002DC95B = {
						CreatedOnToolsVersion = 13.0;
					};
					B418C1CC271375C1002DC95B = {
						CreatedOnToolsVersion = 13.0;
						TestTargetID = B418C1B6271375C0002DC95B;
					};
					B418C1D6271375C1002DC95B = {
						CreatedOnToolsVersion = 13.0;
						TestTargetID = B418C1B6271375C0002DC95B;
					};
				};
			};
			buildConfigurationList = B418C1B2271375C0002DC95B /* Build configuration list for PBXProject "iOS_Week_3" */;
			compatibilityVersion = "Xcode 13.0";
			developmentRegion = en;
			hasScannedForEncodings = 0;
			knownRegions = (
				en,
				Base,
			);
			mainGroup = B418C1AE271375C0002DC95B;
			productRefGroup = B418C1B8271375C0002DC95B /* Products */;
			projectDirPath = "";
			projectRoot = "";
			targets = (
				B418C1B6271375C0002DC95B /* iOS_Week_3 */,
				B418C1CC271375C1002DC95B /* iOS_Week_3Tests */,
				B418C1D6271375C1002DC95B /* iOS_Week_3UITests */,
			);
		};
/* End PBXProject section */

/* Begin PBXResourcesBuildPhase section */
		B418C1B5271375C0002DC95B /* Resources */ = {
			isa = PBXResourcesBuildPhase;
			buildActionMask = 2147483647;
			files = (
				B418C1C7271375C1002DC95B /* LaunchScreen.storyboard in Resources */,
				B418C1C4271375C1002DC95B /* Assets.xcassets in Resources */,
			);
			runOnlyForDeploymentPostprocessing = 0;
		};
		B418C1CB271375C1002DC95B /* Resources */ = {
			isa = PBXResourcesBuildPhase;
			buildActionMask = 2147483647;
			files = (
			);
			runOnlyForDeploymentPostprocessing = 0;
		};
		B418C1D5271375C1002DC95B /* Resources */ = {
			isa = PBXResourcesBuildPhase;
			buildActionMask = 2147483647;
			files = (
			);
			runOnlyForDeploymentPostprocessing = 0;
		};
/* End PBXResourcesBuildPhase section */

/* Begin PBXSourcesBuildPhase section */
		B418C1B3271375C0002DC95B /* Sources */ = {
			isa = PBXSourcesBuildPhase;
			buildActionMask = 2147483647;
			files = (
				B418C1FA27137E83002DC95B /* MainViewModel.swift in Sources */,
				B418C1BF271375C0002DC95B /* ViewController.swift in Sources */,
				B418C1BB271375C0002DC95B /* AppDelegate.swift in Sources */,
				B418C1BD271375C0002DC95B /* SceneDelegate.swift in Sources */,
				B418C1F827137E64002DC95B /* MainViewController.swift in Sources */,
				B418C20427137EB1002DC95B /* GenericBaseView.swift in Sources */,
				B418C20327137EB1002DC95B /* BaseViewController.swift in Sources */,
				B418C20527137EB1002DC95B /* BaseView.swift in Sources */,
				B418C1FC27137E8E002DC95B /* MainViewBuilder.swift in Sources */,
				B418C20227137EB1002DC95B /* GenericValueProtocol.swift in Sources */,
			);
			runOnlyForDeploymentPostprocessing = 0;
		};
		B418C1C9271375C1002DC95B /* Sources */ = {
			isa = PBXSourcesBuildPhase;
			buildActionMask = 2147483647;
			files = (
				B418C1D2271375C1002DC95B /* iOS_Week_3Tests.swift in Sources */,
			);
			runOnlyForDeploymentPostprocessing = 0;
		};
		B418C1D3271375C1002DC95B /* Sources */ = {
			isa = PBXSourcesBuildPhase;
			buildActionMask = 2147483647;
			files = (
				B418C1DE271375C1002DC95B /* iOS_Week_3UITestsLaunchTests.swift in Sources */,
				B418C1DC271375C1002DC95B /* iOS_Week_3UITests.swift in Sources */,
			);
			runOnlyForDeploymentPostprocessing = 0;
		};
/* End PBXSourcesBuildPhase section */

/* Begin PBXTargetDependency section */
		B418C1CF271375C1002DC95B /* PBXTargetDependency */ = {
			isa = PBXTargetDependency;
			target = B418C1B6271375C0002DC95B /* iOS_Week_3 */;
			targetProxy = B418C1CE271375C1002DC95B /* PBXContainerItemProxy */;
		};
		B418C1D9271375C1002DC95B /* PBXTargetDependency */ = {
			isa = PBXTargetDependency;
			target = B418C1B6271375C0002DC95B /* iOS_Week_3 */;
			targetProxy = B418C1D8271375C1002DC95B /* PBXContainerItemProxy */;
		};
/* End PBXTargetDependency section */

/* Begin PBXVariantGroup section */
		B418C1C5271375C1002DC95B /* LaunchScreen.storyboard */ = {
			isa = PBXVariantGroup;
			children = (
				B418C1C6271375C1002DC95B /* Base */,
			);
			name = LaunchScreen.storyboard;
			sourceTree = "<group>";
		};
/* End PBXVariantGroup section */

/* Begin XCBuildConfiguration section */
		B418C1DF271375C1002DC95B /* Debug */ = {
			isa = XCBuildConfiguration;
			buildSettings = {
				ALWAYS_SEARCH_USER_PATHS = NO;
				CLANG_ANALYZER_NONNULL = YES;
				CLANG_ANALYZER_NUMBER_OBJECT_CONVERSION = YES_AGGRESSIVE;
				CLANG_CXX_LANGUAGE_STANDARD = "gnu++17";
				CLANG_CXX_LIBRARY = "libc++";
				CLANG_ENABLE_MODULES = YES;
				CLANG_ENABLE_OBJC_ARC = YES;
				CLANG_ENABLE_OBJC_WEAK = YES;
				CLANG_WARN_BLOCK_CAPTURE_AUTORELEASING = YES;
				CLANG_WARN_BOOL_CONVERSION = YES;
				CLANG_WARN_COMMA = YES;
				CLANG_WARN_CONSTANT_CONVERSION = YES;
				CLANG_WARN_DEPRECATED_OBJC_IMPLEMENTATIONS = YES;
				CLANG_WARN_DIRECT_OBJC_ISA_USAGE = YES_ERROR;
				CLANG_WARN_DOCUMENTATION_COMMENTS = YES;
				CLANG_WARN_EMPTY_BODY = YES;
				CLANG_WARN_ENUM_CONVERSION = YES;
				CLANG_WARN_INFINITE_RECURSION = YES;
				CLANG_WARN_INT_CONVERSION = YES;
				CLANG_WARN_NON_LITERAL_NULL_CONVERSION = YES;
				CLANG_WARN_OBJC_IMPLICIT_RETAIN_SELF = YES;
				CLANG_WARN_OBJC_LITERAL_CONVERSION = YES;
				CLANG_WARN_OBJC_ROOT_CLASS = YES_ERROR;
				CLANG_WARN_QUOTED_INCLUDE_IN_FRAMEWORK_HEADER = YES;
				CLANG_WARN_RANGE_LOOP_ANALYSIS = YES;
				CLANG_WARN_STRICT_PROTOTYPES = YES;
				CLANG_WARN_SUSPICIOUS_MOVE = YES;
				CLANG_WARN_UNGUARDED_AVAILABILITY = YES_AGGRESSIVE;
				CLANG_WARN_UNREACHABLE_CODE = YES;
				CLANG_WARN__DUPLICATE_METHOD_MATCH = YES;
				COPY_PHASE_STRIP = NO;
				DEBUG_INFORMATION_FORMAT = dwarf;
				ENABLE_STRICT_OBJC_MSGSEND = YES;
				ENABLE_TESTABILITY = YES;
				GCC_C_LANGUAGE_STANDARD = gnu11;
				GCC_DYNAMIC_NO_PIC = NO;
				GCC_NO_COMMON_BLOCKS = YES;
				GCC_OPTIMIZATION_LEVEL = 0;
				GCC_PREPROCESSOR_DEFINITIONS = (
					"DEBUG=1",
					"$(inherited)",
				);
				GCC_WARN_64_TO_32_BIT_CONVERSION = YES;
				GCC_WARN_ABOUT_RETURN_TYPE = YES_ERROR;
				GCC_WARN_UNDECLARED_SELECTOR = YES;
				GCC_WARN_UNINITIALIZED_AUTOS = YES_AGGRESSIVE;
				GCC_WARN_UNUSED_FUNCTION = YES;
				GCC_WARN_UNUSED_VARIABLE = YES;
				IPHONEOS_DEPLOYMENT_TARGET = 15.0;
				MTL_ENABLE_DEBUG_INFO = INCLUDE_SOURCE;
				MTL_FAST_MATH = YES;
				ONLY_ACTIVE_ARCH = YES;
				SDKROOT = iphoneos;
				SWIFT_ACTIVE_COMPILATION_CONDITIONS = DEBUG;
				SWIFT_OPTIMIZATION_LEVEL = "-Onone";
			};
			name = Debug;
		};
		B418C1E0271375C1002DC95B /* Release */ = {
			isa = XCBuildConfiguration;
			buildSettings = {
				ALWAYS_SEARCH_USER_PATHS = NO;
				CLANG_ANALYZER_NONNULL = YES;
				CLANG_ANALYZER_NUMBER_OBJECT_CONVERSION = YES_AGGRESSIVE;
				CLANG_CXX_LANGUAGE_STANDARD = "gnu++17";
				CLANG_CXX_LIBRARY = "libc++";
				CLANG_ENABLE_MODULES = YES;
				CLANG_ENABLE_OBJC_ARC = YES;
				CLANG_ENABLE_OBJC_WEAK = YES;
				CLANG_WARN_BLOCK_CAPTURE_AUTORELEASING = YES;
				CLANG_WARN_BOOL_CONVERSION = YES;
				CLANG_WARN_COMMA = YES;
				CLANG_WARN_CONSTANT_CONVERSION = YES;
				CLANG_WARN_DEPRECATED_OBJC_IMPLEMENTATIONS = YES;
				CLANG_WARN_DIRECT_OBJC_ISA_USAGE = YES_ERROR;
				CLANG_WARN_DOCUMENTATION_COMMENTS = YES;
				CLANG_WARN_EMPTY_BODY = YES;
				CLANG_WARN_ENUM_CONVERSION = YES;
				CLANG_WARN_INFINITE_RECURSION = YES;
				CLANG_WARN_INT_CONVERSION = YES;
				CLANG_WARN_NON_LITERAL_NULL_CONVERSION = YES;
				CLANG_WARN_OBJC_IMPLICIT_RETAIN_SELF = YES;
				CLANG_WARN_OBJC_LITERAL_CONVERSION = YES;
				CLANG_WARN_OBJC_ROOT_CLASS = YES_ERROR;
				CLANG_WARN_QUOTED_INCLUDE_IN_FRAMEWORK_HEADER = YES;
				CLANG_WARN_RANGE_LOOP_ANALYSIS = YES;
				CLANG_WARN_STRICT_PROTOTYPES = YES;
				CLANG_WARN_SUSPICIOUS_MOVE = YES;
				CLANG_WARN_UNGUARDED_AVAILABILITY = YES_AGGRESSIVE;
				CLANG_WARN_UNREACHABLE_CODE = YES;
				CLANG_WARN__DUPLICATE_METHOD_MATCH = YES;
				COPY_PHASE_STRIP = NO;
				DEBUG_INFORMATION_FORMAT = "dwarf-with-dsym";
				ENABLE_NS_ASSERTIONS = NO;
				ENABLE_STRICT_OBJC_MSGSEND = YES;
				GCC_C_LANGUAGE_STANDARD = gnu11;
				GCC_NO_COMMON_BLOCKS = YES;
				GCC_WARN_64_TO_32_BIT_CONVERSION = YES;
				GCC_WARN_ABOUT_RETURN_TYPE = YES_ERROR;
				GCC_WARN_UNDECLARED_SELECTOR = YES;
				GCC_WARN_UNINITIALIZED_AUTOS = YES_AGGRESSIVE;
				GCC_WARN_UNUSED_FUNCTION = YES;
				GCC_WARN_UNUSED_VARIABLE = YES;
				IPHONEOS_DEPLOYMENT_TARGET = 15.0;
				MTL_ENABLE_DEBUG_INFO = NO;
				MTL_FAST_MATH = YES;
				SDKROOT = iphoneos;
				SWIFT_COMPILATION_MODE = wholemodule;
				SWIFT_OPTIMIZATION_LEVEL = "-O";
				VALIDATE_PRODUCT = YES;
			};
			name = Release;
		};
		B418C1E2271375C1002DC95B /* Debug */ = {
			isa = XCBuildConfiguration;
			buildSettings = {
				ASSETCATALOG_COMPILER_APPICON_NAME = AppIcon;
				ASSETCATALOG_COMPILER_GLOBAL_ACCENT_COLOR_NAME = AccentColor;
				CODE_SIGN_STYLE = Automatic;
				CURRENT_PROJECT_VERSION = 1;
				DEVELOPMENT_TEAM = X27LA96UW3;
				GENERATE_INFOPLIST_FILE = YES;
				INFOPLIST_FILE = iOS_Week_3/Info.plist;
				INFOPLIST_KEY_UIApplicationSupportsIndirectInputEvents = YES;
				INFOPLIST_KEY_UILaunchStoryboardName = LaunchScreen;
				INFOPLIST_KEY_UISupportedInterfaceOrientations_iPad = "UIInterfaceOrientationPortrait UIInterfaceOrientationPortraitUpsideDown UIInterfaceOrientationLandscapeLeft UIInterfaceOrientationLandscapeRight";
				INFOPLIST_KEY_UISupportedInterfaceOrientations_iPhone = "UIInterfaceOrientationPortrait UIInterfaceOrientationLandscapeLeft UIInterfaceOrientationLandscapeRight";
				LD_RUNPATH_SEARCH_PATHS = (
					"$(inherited)",
					"@executable_path/Frameworks",
				);
				MARKETING_VERSION = 1.0;
				PRODUCT_BUNDLE_IDENTIFIER = "com.burhanaliskan.iOS-Week-3";
				PRODUCT_NAME = "$(TARGET_NAME)";
				SWIFT_EMIT_LOC_STRINGS = YES;
				SWIFT_VERSION = 5.0;
				TARGETED_DEVICE_FAMILY = "1,2";
			};
			name = Debug;
		};
		B418C1E3271375C1002DC95B /* Release */ = {
			isa = XCBuildConfiguration;
			buildSettings = {
				ASSETCATALOG_COMPILER_APPICON_NAME = AppIcon;
				ASSETCATALOG_COMPILER_GLOBAL_ACCENT_COLOR_NAME = AccentColor;
				CODE_SIGN_STYLE = Automatic;
				CURRENT_PROJECT_VERSION = 1;
				DEVELOPMENT_TEAM = X27LA96UW3;
				GENERATE_INFOPLIST_FILE = YES;
				INFOPLIST_FILE = iOS_Week_3/Info.plist;
				INFOPLIST_KEY_UIApplicationSupportsIndirectInputEvents = YES;
				INFOPLIST_KEY_UILaunchStoryboardName = LaunchScreen;
				INFOPLIST_KEY_UISupportedInterfaceOrientations_iPad = "UIInterfaceOrientationPortrait UIInterfaceOrientationPortraitUpsideDown UIInterfaceOrientationLandscapeLeft UIInterfaceOrientationLandscapeRight";
				INFOPLIST_KEY_UISupportedInterfaceOrientations_iPhone = "UIInterfaceOrientationPortrait UIInterfaceOrientationLandscapeLeft UIInterfaceOrientationLandscapeRight";
				LD_RUNPATH_SEARCH_PATHS = (
					"$(inherited)",
					"@executable_path/Frameworks",
				);
				MARKETING_VERSION = 1.0;
				PRODUCT_BUNDLE_IDENTIFIER = "com.burhanaliskan.iOS-Week-3";
				PRODUCT_NAME = "$(TARGET_NAME)";
				SWIFT_EMIT_LOC_STRINGS = YES;
				SWIFT_VERSION = 5.0;
				TARGETED_DEVICE_FAMILY = "1,2";
			};
			name = Release;
		};
		B418C1E5271375C1002DC95B /* Debug */ = {
			isa = XCBuildConfiguration;
			buildSettings = {
				ALWAYS_EMBED_SWIFT_STANDARD_LIBRARIES = YES;
				BUNDLE_LOADER = "$(TEST_HOST)";
				CODE_SIGN_STYLE = Automatic;
				CURRENT_PROJECT_VERSION = 1;
				DEVELOPMENT_TEAM = X27LA96UW3;
				GENERATE_INFOPLIST_FILE = YES;
				IPHONEOS_DEPLOYMENT_TARGET = 15.0;
				LD_RUNPATH_SEARCH_PATHS = (
					"$(inherited)",
					"@executable_path/Frameworks",
					"@loader_path/Frameworks",
				);
				MARKETING_VERSION = 1.0;
				PRODUCT_BUNDLE_IDENTIFIER = "com.burhanaliskan.iOS-Week-3Tests";
				PRODUCT_NAME = "$(TARGET_NAME)";
				SWIFT_EMIT_LOC_STRINGS = NO;
				SWIFT_VERSION = 5.0;
				TARGETED_DEVICE_FAMILY = "1,2";
				TEST_HOST = "$(BUILT_PRODUCTS_DIR)/iOS_Week_3.app/iOS_Week_3";
			};
			name = Debug;
		};
		B418C1E6271375C1002DC95B /* Release */ = {
			isa = XCBuildConfiguration;
			buildSettings = {
				ALWAYS_EMBED_SWIFT_STANDARD_LIBRARIES = YES;
				BUNDLE_LOADER = "$(TEST_HOST)";
				CODE_SIGN_STYLE = Automatic;
				CURRENT_PROJECT_VERSION = 1;
				DEVELOPMENT_TEAM = X27LA96UW3;
				GENERATE_INFOPLIST_FILE = YES;
				IPHONEOS_DEPLOYMENT_TARGET = 15.0;
				LD_RUNPATH_SEARCH_PATHS = (
					"$(inherited)",
					"@executable_path/Frameworks",
					"@loader_path/Frameworks",
				);
				MARKETING_VERSION = 1.0;
				PRODUCT_BUNDLE_IDENTIFIER = "com.burhanaliskan.iOS-Week-3Tests";
				PRODUCT_NAME = "$(TARGET_NAME)";
				SWIFT_EMIT_LOC_STRINGS = NO;
				SWIFT_VERSION = 5.0;
				TARGETED_DEVICE_FAMILY = "1,2";
				TEST_HOST = "$(BUILT_PRODUCTS_DIR)/iOS_Week_3.app/iOS_Week_3";
			};
			name = Release;
		};
		B418C1E8271375C1002DC95B /* Debug */ = {
			isa = XCBuildConfiguration;
			buildSettings = {
				ALWAYS_EMBED_SWIFT_STANDARD_LIBRARIES = YES;
				CODE_SIGN_STYLE = Automatic;
				CURRENT_PROJECT_VERSION = 1;
				DEVELOPMENT_TEAM = X27LA96UW3;
				GENERATE_INFOPLIST_FILE = YES;
				LD_RUNPATH_SEARCH_PATHS = (
					"$(inherited)",
					"@executable_path/Frameworks",
					"@loader_path/Frameworks",
				);
				MARKETING_VERSION = 1.0;
				PRODUCT_BUNDLE_IDENTIFIER = "com.burhanaliskan.iOS-Week-3UITests";
				PRODUCT_NAME = "$(TARGET_NAME)";
				SWIFT_EMIT_LOC_STRINGS = NO;
				SWIFT_VERSION = 5.0;
				TARGETED_DEVICE_FAMILY = "1,2";
				TEST_TARGET_NAME = iOS_Week_3;
			};
			name = Debug;
		};
		B418C1E9271375C1002DC95B /* Release */ = {
			isa = XCBuildConfiguration;
			buildSettings = {
				ALWAYS_EMBED_SWIFT_STANDARD_LIBRARIES = YES;
				CODE_SIGN_STYLE = Automatic;
				CURRENT_PROJECT_VERSION = 1;
				DEVELOPMENT_TEAM = X27LA96UW3;
				GENERATE_INFOPLIST_FILE = YES;
				LD_RUNPATH_SEARCH_PATHS = (
					"$(inherited)",
					"@executable_path/Frameworks",
					"@loader_path/Frameworks",
				);
				MARKETING_VERSION = 1.0;
				PRODUCT_BUNDLE_IDENTIFIER = "com.burhanaliskan.iOS-Week-3UITests";
				PRODUCT_NAME = "$(TARGET_NAME)";
				SWIFT_EMIT_LOC_STRINGS = NO;
				SWIFT_VERSION = 5.0;
				TARGETED_DEVICE_FAMILY = "1,2";
				TEST_TARGET_NAME = iOS_Week_3;
			};
			name = Release;
		};
/* End XCBuildConfiguration section */

/* Begin XCConfigurationList section */
		B418C1B2271375C0002DC95B /* Build configuration list for PBXProject "iOS_Week_3" */ = {
			isa = XCConfigurationList;
			buildConfigurations = (
				B418C1DF271375C1002DC95B /* Debug */,
				B418C1E0271375C1002DC95B /* Release */,
			);
			defaultConfigurationIsVisible = 0;
			defaultConfigurationName = Release;
		};
		B418C1E1271375C1002DC95B /* Build configuration list for PBXNativeTarget "iOS_Week_3" */ = {
			isa = XCConfigurationList;
			buildConfigurations = (
				B418C1E2271375C1002DC95B /* Debug */,
				B418C1E3271375C1002DC95B /* Release */,
			);
			defaultConfigurationIsVisible = 0;
			defaultConfigurationName = Release;
		};
		B418C1E4271375C1002DC95B /* Build configuration list for PBXNativeTarget "iOS_Week_3Tests" */ = {
			isa = XCConfigurationList;
			buildConfigurations = (
				B418C1E5271375C1002DC95B /* Debug */,
				B418C1E6271375C1002DC95B /* Release */,
			);
			defaultConfigurationIsVisible = 0;
			defaultConfigurationName = Release;
		};
		B418C1E7271375C1002DC95B /* Build configuration list for PBXNativeTarget "iOS_Week_3UITests" */ = {
			isa = XCConfigurationList;
			buildConfigurations = (
				B418C1E8271375C1002DC95B /* Debug */,
				B418C1E9271375C1002DC95B /* Release */,
			);
			defaultConfigurationIsVisible = 0;
			defaultConfigurationName = Release;
		};
/* End XCConfigurationList section */
	};
	rootObject = B418C1AF271375C0002DC95B /* Project object */;
}
